// !$*UTF8*$!
{
	archiveVersion = 1;
	classes = {
	};
	objectVersion = 56;
	objects = {

/* Begin PBXBuildFile section */
		753856692B73D5DC00FF5663 /* LocationView.swift in Sources */ = {isa = PBXBuildFile; fileRef = 753856682B73D5DC00FF5663 /* LocationView.swift */; };
		753FE3372B6BBD6E00FE6A6A /* InboxHomeView.swift in Sources */ = {isa = PBXBuildFile; fileRef = 753FE3362B6BBD6E00FE6A6A /* InboxHomeView.swift */; };
		753FE3392B6BCF9600FE6A6A /* InboxMessageView.swift in Sources */ = {isa = PBXBuildFile; fileRef = 753FE3382B6BCF9600FE6A6A /* InboxMessageView.swift */; };
		753FE33B2B6BD83B00FE6A6A /* InboxListItemView.swift in Sources */ = {isa = PBXBuildFile; fileRef = 753FE33A2B6BD83B00FE6A6A /* InboxListItemView.swift */; };
		75D66BAC2B6DFB73009B3084 /* SettingsView.swift in Sources */ = {isa = PBXBuildFile; fileRef = 75D66BAB2B6DFB73009B3084 /* SettingsView.swift */; };
		75D66BAE2B6DFD37009B3084 /* AccountPreferencesView.swift in Sources */ = {isa = PBXBuildFile; fileRef = 75D66BAD2B6DFD37009B3084 /* AccountPreferencesView.swift */; };
		75D66BB02B6E09A3009B3084 /* AccountPreferenceEditView.swift in Sources */ = {isa = PBXBuildFile; fileRef = 75D66BAF2B6E09A3009B3084 /* AccountPreferenceEditView.swift */; };
		75D66BB42B6E15F4009B3084 /* PaymentEmptyView.swift in Sources */ = {isa = PBXBuildFile; fileRef = 75D66BB32B6E15F4009B3084 /* PaymentEmptyView.swift */; };
		75D66BB62B6E16BD009B3084 /* PaymentAddCardView.swift in Sources */ = {isa = PBXBuildFile; fileRef = 75D66BB52B6E16BD009B3084 /* PaymentAddCardView.swift */; };
		75D66BB82B6E19D6009B3084 /* PaymentWithCardView.swift in Sources */ = {isa = PBXBuildFile; fileRef = 75D66BB72B6E19D6009B3084 /* PaymentWithCardView.swift */; };
		75D66BBB2B6E1F43009B3084 /* PrivacyAndSecurityView.swift in Sources */ = {isa = PBXBuildFile; fileRef = 75D66BBA2B6E1F43009B3084 /* PrivacyAndSecurityView.swift */; };
		75D66BBD2B6E1F63009B3084 /* PrivacyAndSecurityEditView.swift in Sources */ = {isa = PBXBuildFile; fileRef = 75D66BBC2B6E1F63009B3084 /* PrivacyAndSecurityEditView.swift */; };
		75D8CA992B6D3703009BB4F9 /* GiftCardsView.swift in Sources */ = {isa = PBXBuildFile; fileRef = 75D8CA982B6D3703009BB4F9 /* GiftCardsView.swift */; };
		75D8CA9B2B6D3DC4009BB4F9 /* PromoCardView.swift in Sources */ = {isa = PBXBuildFile; fileRef = 75D8CA9A2B6D3DC4009BB4F9 /* PromoCardView.swift */; };
		75D8CA9D2B6D43C9009BB4F9 /* RewardsCardView.swift in Sources */ = {isa = PBXBuildFile; fileRef = 75D8CA9C2B6D43C9009BB4F9 /* RewardsCardView.swift */; };
		C51D624E2B68ABA1008C2157 /* SideMenuRowView.swift in Sources */ = {isa = PBXBuildFile; fileRef = C51D624D2B68ABA1008C2157 /* SideMenuRowView.swift */; };
		C51D62502B68AE76008C2157 /* SideMenuOptionsModel.swift in Sources */ = {isa = PBXBuildFile; fileRef = C51D624F2B68AE76008C2157 /* SideMenuOptionsModel.swift */; };
		C51D62A02B7035E5008C2157 /* TabBarView.swift in Sources */ = {isa = PBXBuildFile; fileRef = C51D629F2B7035E5008C2157 /* TabBarView.swift */; };
		C51D62A52B70842A008C2157 /* OrderView.swift in Sources */ = {isa = PBXBuildFile; fileRef = C51D62A42B70842A008C2157 /* OrderView.swift */; };
		C58B36662B6851A700BE085F /* RustikoApp.swift in Sources */ = {isa = PBXBuildFile; fileRef = C58B36652B6851A700BE085F /* RustikoApp.swift */; };
		C58B36682B6851A700BE085F /* ContentView.swift in Sources */ = {isa = PBXBuildFile; fileRef = C58B36672B6851A700BE085F /* ContentView.swift */; };
		C58B366A2B6851AA00BE085F /* Assets.xcassets in Resources */ = {isa = PBXBuildFile; fileRef = C58B36692B6851AA00BE085F /* Assets.xcassets */; };
		C58B366D2B6851AA00BE085F /* Preview Assets.xcassets in Resources */ = {isa = PBXBuildFile; fileRef = C58B366C2B6851AA00BE085F /* Preview Assets.xcassets */; };
		C58B36742B6851FC00BE085F /* SideMenuView.swift in Sources */ = {isa = PBXBuildFile; fileRef = C58B36732B6851FC00BE085F /* SideMenuView.swift */; };
		C58B36762B68523000BE085F /* SideMenuHeaderView.swift in Sources */ = {isa = PBXBuildFile; fileRef = C58B36752B68523000BE085F /* SideMenuHeaderView.swift */; };
		C594B6972B791DD200F35C1E /* PickUpView.swift in Sources */ = {isa = PBXBuildFile; fileRef = C594B6962B791DD200F35C1E /* PickUpView.swift */; };
		C594B6992B791DDD00F35C1E /* DeliveryView.swift in Sources */ = {isa = PBXBuildFile; fileRef = C594B6982B791DDD00F35C1E /* DeliveryView.swift */; };
/* End PBXBuildFile section */

/* Begin PBXFileReference section */
		753856682B73D5DC00FF5663 /* LocationView.swift */ = {isa = PBXFileReference; lastKnownFileType = sourcecode.swift; path = LocationView.swift; sourceTree = "<group>"; };
		753FE3342B6BBC4F00FE6A6A /* README.md */ = {isa = PBXFileReference; lastKnownFileType = net.daringfireball.markdown; path = README.md; sourceTree = "<group>"; };
		753FE3362B6BBD6E00FE6A6A /* InboxHomeView.swift */ = {isa = PBXFileReference; lastKnownFileType = sourcecode.swift; path = InboxHomeView.swift; sourceTree = "<group>"; };
		753FE3382B6BCF9600FE6A6A /* InboxMessageView.swift */ = {isa = PBXFileReference; lastKnownFileType = sourcecode.swift; path = InboxMessageView.swift; sourceTree = "<group>"; };
		753FE33A2B6BD83B00FE6A6A /* InboxListItemView.swift */ = {isa = PBXFileReference; lastKnownFileType = sourcecode.swift; path = InboxListItemView.swift; sourceTree = "<group>"; };
		75D66BAB2B6DFB73009B3084 /* SettingsView.swift */ = {isa = PBXFileReference; lastKnownFileType = sourcecode.swift; path = SettingsView.swift; sourceTree = "<group>"; };
		75D66BAD2B6DFD37009B3084 /* AccountPreferencesView.swift */ = {isa = PBXFileReference; lastKnownFileType = sourcecode.swift; path = AccountPreferencesView.swift; sourceTree = "<group>"; };
		75D66BAF2B6E09A3009B3084 /* AccountPreferenceEditView.swift */ = {isa = PBXFileReference; lastKnownFileType = sourcecode.swift; path = AccountPreferenceEditView.swift; sourceTree = "<group>"; };
		75D66BB32B6E15F4009B3084 /* PaymentEmptyView.swift */ = {isa = PBXFileReference; lastKnownFileType = sourcecode.swift; path = PaymentEmptyView.swift; sourceTree = "<group>"; };
		75D66BB52B6E16BD009B3084 /* PaymentAddCardView.swift */ = {isa = PBXFileReference; lastKnownFileType = sourcecode.swift; path = PaymentAddCardView.swift; sourceTree = "<group>"; };
		75D66BB72B6E19D6009B3084 /* PaymentWithCardView.swift */ = {isa = PBXFileReference; lastKnownFileType = sourcecode.swift; path = PaymentWithCardView.swift; sourceTree = "<group>"; };
		75D66BBA2B6E1F43009B3084 /* PrivacyAndSecurityView.swift */ = {isa = PBXFileReference; lastKnownFileType = sourcecode.swift; path = PrivacyAndSecurityView.swift; sourceTree = "<group>"; };
		75D66BBC2B6E1F63009B3084 /* PrivacyAndSecurityEditView.swift */ = {isa = PBXFileReference; lastKnownFileType = sourcecode.swift; path = PrivacyAndSecurityEditView.swift; sourceTree = "<group>"; };
		75D8CA982B6D3703009BB4F9 /* GiftCardsView.swift */ = {isa = PBXFileReference; lastKnownFileType = sourcecode.swift; path = GiftCardsView.swift; sourceTree = "<group>"; };
		75D8CA9A2B6D3DC4009BB4F9 /* PromoCardView.swift */ = {isa = PBXFileReference; lastKnownFileType = sourcecode.swift; path = PromoCardView.swift; sourceTree = "<group>"; };
		75D8CA9C2B6D43C9009BB4F9 /* RewardsCardView.swift */ = {isa = PBXFileReference; lastKnownFileType = sourcecode.swift; path = RewardsCardView.swift; sourceTree = "<group>"; };
		C51D624D2B68ABA1008C2157 /* SideMenuRowView.swift */ = {isa = PBXFileReference; lastKnownFileType = sourcecode.swift; path = SideMenuRowView.swift; sourceTree = "<group>"; };
		C51D624F2B68AE76008C2157 /* SideMenuOptionsModel.swift */ = {isa = PBXFileReference; lastKnownFileType = sourcecode.swift; path = SideMenuOptionsModel.swift; sourceTree = "<group>"; };
		C51D629F2B7035E5008C2157 /* TabBarView.swift */ = {isa = PBXFileReference; lastKnownFileType = sourcecode.swift; path = TabBarView.swift; sourceTree = "<group>"; };
		C51D62A42B70842A008C2157 /* OrderView.swift */ = {isa = PBXFileReference; lastKnownFileType = sourcecode.swift; path = OrderView.swift; sourceTree = "<group>"; };
		C58B36622B6851A700BE085F /* Rustiko.app */ = {isa = PBXFileReference; explicitFileType = wrapper.application; includeInIndex = 0; path = Rustiko.app; sourceTree = BUILT_PRODUCTS_DIR; };
		C58B36652B6851A700BE085F /* RustikoApp.swift */ = {isa = PBXFileReference; lastKnownFileType = sourcecode.swift; path = RustikoApp.swift; sourceTree = "<group>"; };
		C58B36672B6851A700BE085F /* ContentView.swift */ = {isa = PBXFileReference; lastKnownFileType = sourcecode.swift; path = ContentView.swift; sourceTree = "<group>"; };
		C58B36692B6851AA00BE085F /* Assets.xcassets */ = {isa = PBXFileReference; lastKnownFileType = folder.assetcatalog; path = Assets.xcassets; sourceTree = "<group>"; };
		C58B366C2B6851AA00BE085F /* Preview Assets.xcassets */ = {isa = PBXFileReference; lastKnownFileType = folder.assetcatalog; path = "Preview Assets.xcassets"; sourceTree = "<group>"; };
		C58B36732B6851FC00BE085F /* SideMenuView.swift */ = {isa = PBXFileReference; lastKnownFileType = sourcecode.swift; path = SideMenuView.swift; sourceTree = "<group>"; };
		C58B36752B68523000BE085F /* SideMenuHeaderView.swift */ = {isa = PBXFileReference; lastKnownFileType = sourcecode.swift; path = SideMenuHeaderView.swift; sourceTree = "<group>"; };
		C594B6962B791DD200F35C1E /* PickUpView.swift */ = {isa = PBXFileReference; lastKnownFileType = sourcecode.swift; path = PickUpView.swift; sourceTree = "<group>"; };
		C594B6982B791DDD00F35C1E /* DeliveryView.swift */ = {isa = PBXFileReference; lastKnownFileType = sourcecode.swift; path = DeliveryView.swift; sourceTree = "<group>"; };
/* End PBXFileReference section */

/* Begin PBXFrameworksBuildPhase section */
		C58B365F2B6851A700BE085F /* Frameworks */ = {
			isa = PBXFrameworksBuildPhase;
			buildActionMask = 2147483647;
			files = (
			);
			runOnlyForDeploymentPostprocessing = 0;
		};
/* End PBXFrameworksBuildPhase section */

/* Begin PBXGroup section */
		753856672B73D5AD00FF5663 /* Location */ = {
			isa = PBXGroup;
			children = (
				753856682B73D5DC00FF5663 /* LocationView.swift */,
			);
			path = Location;
			sourceTree = "<group>";
		};
		753FE3352B6BBD5700FE6A6A /* Inbox Views */ = {
			isa = PBXGroup;
			children = (
				753FE3362B6BBD6E00FE6A6A /* InboxHomeView.swift */,
				753FE3382B6BCF9600FE6A6A /* InboxMessageView.swift */,
				753FE33A2B6BD83B00FE6A6A /* InboxListItemView.swift */,
			);
			path = "Inbox Views";
			sourceTree = "<group>";
		};
		75D66BAA2B6DFB60009B3084 /* Settings */ = {
			isa = PBXGroup;
			children = (
				75D66BAB2B6DFB73009B3084 /* SettingsView.swift */,
				75D66BB92B6E1F17009B3084 /* Privacy & Security */,
				75D66BB22B6E15D8009B3084 /* Payment */,
				75D66BB12B6E15C6009B3084 /* Account Preferences */,
			);
			path = Settings;
			sourceTree = "<group>";
		};
		75D66BB12B6E15C6009B3084 /* Account Preferences */ = {
			isa = PBXGroup;
			children = (
				75D66BAD2B6DFD37009B3084 /* AccountPreferencesView.swift */,
				75D66BAF2B6E09A3009B3084 /* AccountPreferenceEditView.swift */,
			);
			path = "Account Preferences";
			sourceTree = "<group>";
		};
		75D66BB22B6E15D8009B3084 /* Payment */ = {
			isa = PBXGroup;
			children = (
				75D66BB32B6E15F4009B3084 /* PaymentEmptyView.swift */,
				75D66BB72B6E19D6009B3084 /* PaymentWithCardView.swift */,
				75D66BB52B6E16BD009B3084 /* PaymentAddCardView.swift */,
			);
			path = Payment;
			sourceTree = "<group>";
		};
		75D66BB92B6E1F17009B3084 /* Privacy & Security */ = {
			isa = PBXGroup;
			children = (
				75D66BBA2B6E1F43009B3084 /* PrivacyAndSecurityView.swift */,
				75D66BBC2B6E1F63009B3084 /* PrivacyAndSecurityEditView.swift */,
			);
			path = "Privacy & Security";
			sourceTree = "<group>";
		};
		75D8CA972B6D36C3009BB4F9 /* Sheet Sliders */ = {
			isa = PBXGroup;
			children = (
				75D8CA982B6D3703009BB4F9 /* GiftCardsView.swift */,
				75D8CA9A2B6D3DC4009BB4F9 /* PromoCardView.swift */,
				75D8CA9C2B6D43C9009BB4F9 /* RewardsCardView.swift */,
			);
			path = "Sheet Sliders";
			sourceTree = "<group>";
		};
		C51D62A12B70364C008C2157 /* Side Menu Views */ = {
			isa = PBXGroup;
			children = (
				C58B36732B6851FC00BE085F /* SideMenuView.swift */,
				C58B36752B68523000BE085F /* SideMenuHeaderView.swift */,
				C51D624D2B68ABA1008C2157 /* SideMenuRowView.swift */,
				C51D624F2B68AE76008C2157 /* SideMenuOptionsModel.swift */,
			);
			path = "Side Menu Views";
			sourceTree = "<group>";
		};
		C51D62A22B70366B008C2157 /* Tab Bar  */ = {
			isa = PBXGroup;
			children = (
				C51D629F2B7035E5008C2157 /* TabBarView.swift */,
			);
			path = "Tab Bar ";
			sourceTree = "<group>";
		};
		C51D62A32B7083FE008C2157 /* Order Views */ = {
			isa = PBXGroup;
			children = (
				C51D62A42B70842A008C2157 /* OrderView.swift */,
				C594B6962B791DD200F35C1E /* PickUpView.swift */,
				C594B6982B791DDD00F35C1E /* DeliveryView.swift */,
			);
			path = "Order Views";
			sourceTree = "<group>";
		};
		C58B36592B6851A700BE085F = {
			isa = PBXGroup;
			children = (
				753FE3342B6BBC4F00FE6A6A /* README.md */,
				C58B36642B6851A700BE085F /* Rustiko */,
				C58B36632B6851A700BE085F /* Products */,
			);
			sourceTree = "<group>";
		};
		C58B36632B6851A700BE085F /* Products */ = {
			isa = PBXGroup;
			children = (
				C58B36622B6851A700BE085F /* Rustiko.app */,
			);
			name = Products;
			sourceTree = "<group>";
		};
		C58B36642B6851A700BE085F /* Rustiko */ = {
			isa = PBXGroup;
			children = (
				C58B36652B6851A700BE085F /* RustikoApp.swift */,
				C58B36672B6851A700BE085F /* ContentView.swift */,
				753856672B73D5AD00FF5663 /* Location */,
				C51D62A32B7083FE008C2157 /* Order Views */,
				75D66BAA2B6DFB60009B3084 /* Settings */,
				75D8CA972B6D36C3009BB4F9 /* Sheet Sliders */,
				753FE3352B6BBD5700FE6A6A /* Inbox Views */,
				C51D62A22B70366B008C2157 /* Tab Bar  */,
				C51D62A12B70364C008C2157 /* Side Menu Views */,
				C58B36692B6851AA00BE085F /* Assets.xcassets */,
				C58B366B2B6851AA00BE085F /* Preview Content */,
			);
			path = Rustiko;
			sourceTree = "<group>";
		};
		C58B366B2B6851AA00BE085F /* Preview Content */ = {
			isa = PBXGroup;
			children = (
				C58B366C2B6851AA00BE085F /* Preview Assets.xcassets */,
			);
			path = "Preview Content";
			sourceTree = "<group>";
		};
/* End PBXGroup section */

/* Begin PBXNativeTarget section */
		C58B36612B6851A700BE085F /* Rustiko */ = {
			isa = PBXNativeTarget;
			buildConfigurationList = C58B36702B6851AA00BE085F /* Build configuration list for PBXNativeTarget "Rustiko" */;
			buildPhases = (
				C58B365E2B6851A700BE085F /* Sources */,
				C58B365F2B6851A700BE085F /* Frameworks */,
				C58B36602B6851A700BE085F /* Resources */,
			);
			buildRules = (
			);
			dependencies = (
			);
			name = Rustiko;
			productName = Rustiko;
			productReference = C58B36622B6851A700BE085F /* Rustiko.app */;
			productType = "com.apple.product-type.application";
		};
/* End PBXNativeTarget section */

/* Begin PBXProject section */
		C58B365A2B6851A700BE085F /* Project object */ = {
			isa = PBXProject;
			attributes = {
				BuildIndependentTargetsInParallel = 1;
				LastSwiftUpdateCheck = 1520;
				LastUpgradeCheck = 1520;
				TargetAttributes = {
					C58B36612B6851A700BE085F = {
						CreatedOnToolsVersion = 15.2;
					};
				};
			};
			buildConfigurationList = C58B365D2B6851A700BE085F /* Build configuration list for PBXProject "Rustiko" */;
			compatibilityVersion = "Xcode 14.0";
			developmentRegion = en;
			hasScannedForEncodings = 0;
			knownRegions = (
				en,
				Base,
			);
			mainGroup = C58B36592B6851A700BE085F;
			productRefGroup = C58B36632B6851A700BE085F /* Products */;
			projectDirPath = "";
			projectRoot = "";
			targets = (
				C58B36612B6851A700BE085F /* Rustiko */,
			);
		};
/* End PBXProject section */

/* Begin PBXResourcesBuildPhase section */
		C58B36602B6851A700BE085F /* Resources */ = {
			isa = PBXResourcesBuildPhase;
			buildActionMask = 2147483647;
			files = (
				C58B366D2B6851AA00BE085F /* Preview Assets.xcassets in Resources */,
				C58B366A2B6851AA00BE085F /* Assets.xcassets in Resources */,
			);
			runOnlyForDeploymentPostprocessing = 0;
		};
/* End PBXResourcesBuildPhase section */

/* Begin PBXSourcesBuildPhase section */
		C58B365E2B6851A700BE085F /* Sources */ = {
			isa = PBXSourcesBuildPhase;
			buildActionMask = 2147483647;
			files = (
				75D66BB62B6E16BD009B3084 /* PaymentAddCardView.swift in Sources */,
				C58B36742B6851FC00BE085F /* SideMenuView.swift in Sources */,
				75D66BAE2B6DFD37009B3084 /* AccountPreferencesView.swift in Sources */,
				75D66BB02B6E09A3009B3084 /* AccountPreferenceEditView.swift in Sources */,
				75D8CA9D2B6D43C9009BB4F9 /* RewardsCardView.swift in Sources */,
				753FE3392B6BCF9600FE6A6A /* InboxMessageView.swift in Sources */,
				C58B36762B68523000BE085F /* SideMenuHeaderView.swift in Sources */,
				C51D624E2B68ABA1008C2157 /* SideMenuRowView.swift in Sources */,
				753FE33B2B6BD83B00FE6A6A /* InboxListItemView.swift in Sources */,
				75D66BB82B6E19D6009B3084 /* PaymentWithCardView.swift in Sources */,
				C594B6972B791DD200F35C1E /* PickUpView.swift in Sources */,
				753FE3372B6BBD6E00FE6A6A /* InboxHomeView.swift in Sources */,
				75D66BB42B6E15F4009B3084 /* PaymentEmptyView.swift in Sources */,
				75D8CA9B2B6D3DC4009BB4F9 /* PromoCardView.swift in Sources */,
				C58B36682B6851A700BE085F /* ContentView.swift in Sources */,
				753856692B73D5DC00FF5663 /* LocationView.swift in Sources */,
				75D66BBD2B6E1F63009B3084 /* PrivacyAndSecurityEditView.swift in Sources */,
				C51D62502B68AE76008C2157 /* SideMenuOptionsModel.swift in Sources */,
				C594B6992B791DDD00F35C1E /* DeliveryView.swift in Sources */,
				C51D62A02B7035E5008C2157 /* TabBarView.swift in Sources */,
				75D8CA992B6D3703009BB4F9 /* GiftCardsView.swift in Sources */,
				75D66BBB2B6E1F43009B3084 /* PrivacyAndSecurityView.swift in Sources */,
				C51D62A52B70842A008C2157 /* OrderView.swift in Sources */,
				C58B36662B6851A700BE085F /* RustikoApp.swift in Sources */,
				75D66BAC2B6DFB73009B3084 /* SettingsView.swift in Sources */,
			);
			runOnlyForDeploymentPostprocessing = 0;
		};
/* End PBXSourcesBuildPhase section */

/* Begin XCBuildConfiguration section */
		C58B366E2B6851AA00BE085F /* Debug */ = {
			isa = XCBuildConfiguration;
			buildSettings = {
				ALWAYS_SEARCH_USER_PATHS = NO;
				ASSETCATALOG_COMPILER_GENERATE_SWIFT_ASSET_SYMBOL_EXTENSIONS = YES;
				CLANG_ANALYZER_NONNULL = YES;
				CLANG_ANALYZER_NUMBER_OBJECT_CONVERSION = YES_AGGRESSIVE;
				CLANG_CXX_LANGUAGE_STANDARD = "gnu++20";
				CLANG_ENABLE_MODULES = YES;
				CLANG_ENABLE_OBJC_ARC = YES;
				CLANG_ENABLE_OBJC_WEAK = YES;
				CLANG_WARN_BLOCK_CAPTURE_AUTORELEASING = YES;
				CLANG_WARN_BOOL_CONVERSION = YES;
				CLANG_WARN_COMMA = YES;
				CLANG_WARN_CONSTANT_CONVERSION = YES;
				CLANG_WARN_DEPRECATED_OBJC_IMPLEMENTATIONS = YES;
				CLANG_WARN_DIRECT_OBJC_ISA_USAGE = YES_ERROR;
				CLANG_WARN_DOCUMENTATION_COMMENTS = YES;
				CLANG_WARN_EMPTY_BODY = YES;
				CLANG_WARN_ENUM_CONVERSION = YES;
				CLANG_WARN_INFINITE_RECURSION = YES;
				CLANG_WARN_INT_CONVERSION = YES;
				CLANG_WARN_NON_LITERAL_NULL_CONVERSION = YES;
				CLANG_WARN_OBJC_IMPLICIT_RETAIN_SELF = YES;
				CLANG_WARN_OBJC_LITERAL_CONVERSION = YES;
				CLANG_WARN_OBJC_ROOT_CLASS = YES_ERROR;
				CLANG_WARN_QUOTED_INCLUDE_IN_FRAMEWORK_HEADER = YES;
				CLANG_WARN_RANGE_LOOP_ANALYSIS = YES;
				CLANG_WARN_STRICT_PROTOTYPES = YES;
				CLANG_WARN_SUSPICIOUS_MOVE = YES;
				CLANG_WARN_UNGUARDED_AVAILABILITY = YES_AGGRESSIVE;
				CLANG_WARN_UNREACHABLE_CODE = YES;
				CLANG_WARN__DUPLICATE_METHOD_MATCH = YES;
				COPY_PHASE_STRIP = NO;
				DEBUG_INFORMATION_FORMAT = dwarf;
				ENABLE_STRICT_OBJC_MSGSEND = YES;
				ENABLE_TESTABILITY = YES;
				ENABLE_USER_SCRIPT_SANDBOXING = YES;
				GCC_C_LANGUAGE_STANDARD = gnu17;
				GCC_DYNAMIC_NO_PIC = NO;
				GCC_NO_COMMON_BLOCKS = YES;
				GCC_OPTIMIZATION_LEVEL = 0;
				GCC_PREPROCESSOR_DEFINITIONS = (
					"DEBUG=1",
					"$(inherited)",
				);
				GCC_WARN_64_TO_32_BIT_CONVERSION = YES;
				GCC_WARN_ABOUT_RETURN_TYPE = YES_ERROR;
				GCC_WARN_UNDECLARED_SELECTOR = YES;
				GCC_WARN_UNINITIALIZED_AUTOS = YES_AGGRESSIVE;
				GCC_WARN_UNUSED_FUNCTION = YES;
				GCC_WARN_UNUSED_VARIABLE = YES;
				IPHONEOS_DEPLOYMENT_TARGET = 17.2;
				LOCALIZATION_PREFERS_STRING_CATALOGS = YES;
				MTL_ENABLE_DEBUG_INFO = INCLUDE_SOURCE;
				MTL_FAST_MATH = YES;
				ONLY_ACTIVE_ARCH = YES;
				SDKROOT = iphoneos;
				SWIFT_ACTIVE_COMPILATION_CONDITIONS = "DEBUG $(inherited)";
				SWIFT_OPTIMIZATION_LEVEL = "-Onone";
			};
			name = Debug;
		};
		C58B366F2B6851AA00BE085F /* Release */ = {
			isa = XCBuildConfiguration;
			buildSettings = {
				ALWAYS_SEARCH_USER_PATHS = NO;
				ASSETCATALOG_COMPILER_GENERATE_SWIFT_ASSET_SYMBOL_EXTENSIONS = YES;
				CLANG_ANALYZER_NONNULL = YES;
				CLANG_ANALYZER_NUMBER_OBJECT_CONVERSION = YES_AGGRESSIVE;
				CLANG_CXX_LANGUAGE_STANDARD = "gnu++20";
				CLANG_ENABLE_MODULES = YES;
				CLANG_ENABLE_OBJC_ARC = YES;
				CLANG_ENABLE_OBJC_WEAK = YES;
				CLANG_WARN_BLOCK_CAPTURE_AUTORELEASING = YES;
				CLANG_WARN_BOOL_CONVERSION = YES;
				CLANG_WARN_COMMA = YES;
				CLANG_WARN_CONSTANT_CONVERSION = YES;
				CLANG_WARN_DEPRECATED_OBJC_IMPLEMENTATIONS = YES;
				CLANG_WARN_DIRECT_OBJC_ISA_USAGE = YES_ERROR;
				CLANG_WARN_DOCUMENTATION_COMMENTS = YES;
				CLANG_WARN_EMPTY_BODY = YES;
				CLANG_WARN_ENUM_CONVERSION = YES;
				CLANG_WARN_INFINITE_RECURSION = YES;
				CLANG_WARN_INT_CONVERSION = YES;
				CLANG_WARN_NON_LITERAL_NULL_CONVERSION = YES;
				CLANG_WARN_OBJC_IMPLICIT_RETAIN_SELF = YES;
				CLANG_WARN_OBJC_LITERAL_CONVERSION = YES;
				CLANG_WARN_OBJC_ROOT_CLASS = YES_ERROR;
				CLANG_WARN_QUOTED_INCLUDE_IN_FRAMEWORK_HEADER = YES;
				CLANG_WARN_RANGE_LOOP_ANALYSIS = YES;
				CLANG_WARN_STRICT_PROTOTYPES = YES;
				CLANG_WARN_SUSPICIOUS_MOVE = YES;
				CLANG_WARN_UNGUARDED_AVAILABILITY = YES_AGGRESSIVE;
				CLANG_WARN_UNREACHABLE_CODE = YES;
				CLANG_WARN__DUPLICATE_METHOD_MATCH = YES;
				COPY_PHASE_STRIP = NO;
				DEBUG_INFORMATION_FORMAT = "dwarf-with-dsym";
				ENABLE_NS_ASSERTIONS = NO;
				ENABLE_STRICT_OBJC_MSGSEND = YES;
				ENABLE_USER_SCRIPT_SANDBOXING = YES;
				GCC_C_LANGUAGE_STANDARD = gnu17;
				GCC_NO_COMMON_BLOCKS = YES;
				GCC_WARN_64_TO_32_BIT_CONVERSION = YES;
				GCC_WARN_ABOUT_RETURN_TYPE = YES_ERROR;
				GCC_WARN_UNDECLARED_SELECTOR = YES;
				GCC_WARN_UNINITIALIZED_AUTOS = YES_AGGRESSIVE;
				GCC_WARN_UNUSED_FUNCTION = YES;
				GCC_WARN_UNUSED_VARIABLE = YES;
				IPHONEOS_DEPLOYMENT_TARGET = 17.2;
				LOCALIZATION_PREFERS_STRING_CATALOGS = YES;
				MTL_ENABLE_DEBUG_INFO = NO;
				MTL_FAST_MATH = YES;
				SDKROOT = iphoneos;
				SWIFT_COMPILATION_MODE = wholemodule;
				VALIDATE_PRODUCT = YES;
			};
			name = Release;
		};
		C58B36712B6851AA00BE085F /* Debug */ = {
			isa = XCBuildConfiguration;
			buildSettings = {
				ASSETCATALOG_COMPILER_APPICON_NAME = AppIcon;
				ASSETCATALOG_COMPILER_GLOBAL_ACCENT_COLOR_NAME = AccentColor;
				CODE_SIGN_STYLE = Automatic;
				CURRENT_PROJECT_VERSION = 1;
				DEVELOPMENT_ASSET_PATHS = "\"Rustiko/Preview Content\"";
				DEVELOPMENT_TEAM = "";
				ENABLE_PREVIEWS = YES;
				GENERATE_INFOPLIST_FILE = YES;
				INFOPLIST_KEY_UIApplicationSceneManifest_Generation = YES;
				INFOPLIST_KEY_UIApplicationSupportsIndirectInputEvents = YES;
				INFOPLIST_KEY_UILaunchScreen_Generation = YES;
				INFOPLIST_KEY_UISupportedInterfaceOrientations_iPad = "UIInterfaceOrientationPortrait UIInterfaceOrientationPortraitUpsideDown UIInterfaceOrientationLandscapeLeft UIInterfaceOrientationLandscapeRight";
				INFOPLIST_KEY_UISupportedInterfaceOrientations_iPhone = "UIInterfaceOrientationPortrait UIInterfaceOrientationLandscapeLeft UIInterfaceOrientationLandscapeRight";
				LD_RUNPATH_SEARCH_PATHS = (
					"$(inherited)",
					"@executable_path/Frameworks",
				);
				MARKETING_VERSION = 1.0;
				PRODUCT_BUNDLE_IDENTIFIER = com.michbalkany.Rustiko;
				PRODUCT_NAME = "$(TARGET_NAME)";
				SWIFT_EMIT_LOC_STRINGS = YES;
				SWIFT_VERSION = 5.0;
				TARGETED_DEVICE_FAMILY = "1,2";
			};
			name = Debug;
		};
		C58B36722B6851AA00BE085F /* Release */ = {
			isa = XCBuildConfiguration;
			buildSettings = {
				ASSETCATALOG_COMPILER_APPICON_NAME = AppIcon;
				ASSETCATALOG_COMPILER_GLOBAL_ACCENT_COLOR_NAME = AccentColor;
				CODE_SIGN_STYLE = Automatic;
				CURRENT_PROJECT_VERSION = 1;
				DEVELOPMENT_ASSET_PATHS = "\"Rustiko/Preview Content\"";
				DEVELOPMENT_TEAM = "";
				ENABLE_PREVIEWS = YES;
				GENERATE_INFOPLIST_FILE = YES;
				INFOPLIST_KEY_UIApplicationSceneManifest_Generation = YES;
				INFOPLIST_KEY_UIApplicationSupportsIndirectInputEvents = YES;
				INFOPLIST_KEY_UILaunchScreen_Generation = YES;
				INFOPLIST_KEY_UISupportedInterfaceOrientations_iPad = "UIInterfaceOrientationPortrait UIInterfaceOrientationPortraitUpsideDown UIInterfaceOrientationLandscapeLeft UIInterfaceOrientationLandscapeRight";
				INFOPLIST_KEY_UISupportedInterfaceOrientations_iPhone = "UIInterfaceOrientationPortrait UIInterfaceOrientationLandscapeLeft UIInterfaceOrientationLandscapeRight";
				LD_RUNPATH_SEARCH_PATHS = (
					"$(inherited)",
					"@executable_path/Frameworks",
				);
				MARKETING_VERSION = 1.0;
				PRODUCT_BUNDLE_IDENTIFIER = com.michbalkany.Rustiko;
				PRODUCT_NAME = "$(TARGET_NAME)";
				SWIFT_EMIT_LOC_STRINGS = YES;
				SWIFT_VERSION = 5.0;
				TARGETED_DEVICE_FAMILY = "1,2";
			};
			name = Release;
		};
/* End XCBuildConfiguration section */

/* Begin XCConfigurationList section */
		C58B365D2B6851A700BE085F /* Build configuration list for PBXProject "Rustiko" */ = {
			isa = XCConfigurationList;
			buildConfigurations = (
				C58B366E2B6851AA00BE085F /* Debug */,
				C58B366F2B6851AA00BE085F /* Release */,
			);
			defaultConfigurationIsVisible = 0;
			defaultConfigurationName = Release;
		};
		C58B36702B6851AA00BE085F /* Build configuration list for PBXNativeTarget "Rustiko" */ = {
			isa = XCConfigurationList;
			buildConfigurations = (
				C58B36712B6851AA00BE085F /* Debug */,
				C58B36722B6851AA00BE085F /* Release */,
			);
			defaultConfigurationIsVisible = 0;
			defaultConfigurationName = Release;
		};
/* End XCConfigurationList section */
	};
	rootObject = C58B365A2B6851A700BE085F /* Project object */;
}
